{
  "version": 4,
  "terraform_version": "1.5.6",
  "serial": 7,
  "lineage": "5f3d55a7-7e88-e9e6-0229-10f5981f784a",
  "outputs": {},
  "resources": [
    {
      "mode": "managed",
      "type": "ncloud_login_key",
      "name": "key_scn_01",
      "provider": "provider[\"registry.terraform.io/navercloudplatform/ncloud\"]",
      "instances": [
        {
          "schema_version": 0,
          "attributes": {
            "fingerprint": "4f:9f:7d:a7:92:a5:95:be:d0:26:07:4c:16:c1:42:c0",
            "id": "tf-scn01",
            "key_name": "tf-scn01",
            "private_key": "-----BEGIN RSA PRIVATE KEY-----\nMIIEpAIBAAKCAQEAggejzW8FgVuvuc2fJWjgHpOu4Nu/CqyVcXNwoSxrv+drhB4f\noGfkpQqgQXh4Tv6KTLGePw9nAwZpVEF6Y1vCnbDQkxePpJwrE5hnrj74/oaecAl2\nmKXbVAAoA9hcfHAwXBFLxA+LSylwjxNkwmU0ddmWQ4P/T2pnnDxC6JoWQearazSc\n+0TUwolkszkKYGXnelZfUO2EmTI9I5OVQPk2eWDsMTRYvhMDgEJbocHbPR16+owk\nj+3gQD0WUnrNQmfcf5hq041ut1oMxDFOXtgWt+ijTh4pz/9M6szAO4c9O4g0k2gM\nIRolvr0bUnLNjtwCfrRcgVNWjow+f0+WcIy1cQIDAQABAoIBAG9RbxAunb3y6mvc\n9wQl1skWkb57IgBXY9EujRvOVaiCzG7dAyJmDz6j7DJgmk62Z1vlK5685umWEZJK\nRCbPpbsuZkGnCBhagh5SeWCZFL2CLh2oXFmulChDwf4YuoTl3uDTBdQhopSEM5Kp\nfbdWwSSrVJMUa/xnEbCVfop3b9qWC6Txan6+qEAH05n7flikq0nSU63bqj+3SjOV\n9Le2j4vC3s2rgqkAaUnRzrFYhVMfiRRJNYoQtXITXgf3At1uY8W20P0SEnp4Bt8A\nAFWvcrNkqzQKVDAk9rFVwfPjvS9IkVht7/DADn8CFNTZNo2a1Icpsqi936WyRSO0\nB49pwWkCgYEA3WRspMWzFlC09fVtv+V0c57LXbiBzw2Cbi3+oVwHPYUu1hQosig6\nQKv65f5Ifgi7MEn1WGaiJb2Xn2R6MCTSXoWxmTfACeeZ55YLC7dsa5Dsg1iKu2q5\nax+ZxHOD/Xh3KNbzQRby8Mykc/Rv7Xcn3tjhwBKqK3kZlFZxvSy3b18CgYEAllsd\nbJGfeS/9Bl0j2m00XJXJ7e3NfUMKQvgG21ttCyFt5JPLmMRRhMGFZHyAlqbcSBlU\nyKkP3fD/kfHI5fQ2QtnePyS8acOl0ij/py7PCQhOuhZPvuiRDgPUmdHcUH5ezVSz\nnKkJ6HM/gIryBexsgLg4BkTO9vXdWRs38JeunS8CgYAXBZ1imQhhdq0KsqXiAZtV\ndprROSGOhWodyPykjOxX0mSncFs3A4XjOb8ScZnaOVA12ksAEVQlNozwz0MBhKK3\nn5FzTF/U59eSRIELi9xjZyOhGPD8QkHbyOJ1kkmUbxV9ErUi/J7wuWcUg8Or3usv\nekAneAloEeS+Dysur9q3YwKBgQCJm2JWlwBpHW5pgJzrr76Ybc6dn2LOHakqmW1N\nHWOzKCk3ZbyUWDhzU9oNmZTmTFiW8/gQngoTihmdLLg9HUD79gHdsHVwJsuAiF1S\nWRjKn3vN+9WIV7lKJl9RWCxWzxFcwwSPgHW89J1Nu9y9Zx/2vqMnuZnhlCu8/Zg4\n7dm1qQKBgQCqUzNtU2L9X07JvxRT4rA/Eq5WwjCazV3TLxDcR5zZQuChRqMlioGr\nm9Qs/AmlZzGvayZIExhhAYu2J3ZaA2RuZa/KTratmMQ5BVEUYy6dshQc3hY+Dw34\ntwlSxf6xbeVhgZf29e5ANBThCTuBzZGyC3VNF6o/C3VZlfsf4uHVCA==\n-----END RSA PRIVATE KEY-----",
            "timeouts": null
          },
          "sensitive_attributes": [],
          "private": "eyJlMmJmYjczMC1lY2FhLTExZTYtOGY4OC0zNDM2M2JjN2M0YzAiOnsiY3JlYXRlIjozMDAwMDAwMDAwMDAsImRlbGV0ZSI6MzAwMDAwMDAwMDAwfX0="
        }
      ]
    },
    {
      "mode": "managed",
      "type": "ncloud_network_acl_rule",
      "name": "network_acl_01_rule",
      "provider": "provider[\"registry.terraform.io/navercloudplatform/ncloud\"]",
      "instances": [
        {
          "schema_version": 0,
          "attributes": {
            "id": "70455",
            "inbound": [
              {
                "deny_allow_group_no": "",
                "description": "for tf-scn01",
                "ip_block": "0.0.0.0/0",
                "port_range": "",
                "priority": 199,
                "protocol": "ICMP",
                "rule_action": "DROP"
              },
              {
                "deny_allow_group_no": "",
                "description": "for tf-scn01",
                "ip_block": "0.0.0.0/0",
                "port_range": "1-65535",
                "priority": 197,
                "protocol": "TCP",
                "rule_action": "DROP"
              },
              {
                "deny_allow_group_no": "",
                "description": "for tf-scn01",
                "ip_block": "0.0.0.0/0",
                "port_range": "1-65535",
                "priority": 198,
                "protocol": "UDP",
                "rule_action": "DROP"
              },
              {
                "deny_allow_group_no": "",
                "description": "for tf-scn01",
                "ip_block": "0.0.0.0/0",
                "port_range": "32768-65535",
                "priority": 5,
                "protocol": "TCP",
                "rule_action": "ALLOW"
              },
              {
                "deny_allow_group_no": "",
                "description": "for tf-scn01",
                "ip_block": "0.0.0.0/0",
                "port_range": "443",
                "priority": 2,
                "protocol": "TCP",
                "rule_action": "ALLOW"
              },
              {
                "deny_allow_group_no": "",
                "description": "for tf-scn01",
                "ip_block": "0.0.0.0/0",
                "port_range": "80",
                "priority": 1,
                "protocol": "TCP",
                "rule_action": "ALLOW"
              },
              {
                "deny_allow_group_no": "",
                "description": "for tf-scn01",
                "ip_block": "221.146.63.213/32",
                "port_range": "22",
                "priority": 3,
                "protocol": "TCP",
                "rule_action": "ALLOW"
              },
              {
                "deny_allow_group_no": "",
                "description": "for tf-scn01",
                "ip_block": "221.146.63.213/32",
                "port_range": "3389",
                "priority": 4,
                "protocol": "TCP",
                "rule_action": "ALLOW"
              }
            ],
            "network_acl_no": "70455",
            "outbound": [
              {
                "deny_allow_group_no": "",
                "description": "for tf-scn01",
                "ip_block": "0.0.0.0/0",
                "port_range": "",
                "priority": 199,
                "protocol": "ICMP",
                "rule_action": "DROP"
              },
              {
                "deny_allow_group_no": "",
                "description": "for tf-scn01",
                "ip_block": "0.0.0.0/0",
                "port_range": "1-65535",
                "priority": 197,
                "protocol": "TCP",
                "rule_action": "DROP"
              },
              {
                "deny_allow_group_no": "",
                "description": "for tf-scn01",
                "ip_block": "0.0.0.0/0",
                "port_range": "1-65535",
                "priority": 198,
                "protocol": "UDP",
                "rule_action": "DROP"
              },
              {
                "deny_allow_group_no": "",
                "description": "for tf-scn01",
                "ip_block": "0.0.0.0/0",
                "port_range": "443",
                "priority": 2,
                "protocol": "TCP",
                "rule_action": "ALLOW"
              },
              {
                "deny_allow_group_no": "",
                "description": "for tf-scn01",
                "ip_block": "0.0.0.0/0",
                "port_range": "80",
                "priority": 1,
                "protocol": "TCP",
                "rule_action": "ALLOW"
              },
              {
                "deny_allow_group_no": "",
                "description": "for tf-scn01",
                "ip_block": "221.146.63.213/32",
                "port_range": "1000-65535",
                "priority": 3,
                "protocol": "TCP",
                "rule_action": "ALLOW"
              }
            ]
          },
          "sensitive_attributes": [],
          "private": "bnVsbA==",
          "dependencies": [
            "ncloud_vpc.vpc_scn_01"
          ]
        }
      ]
    },
    {
      "mode": "managed",
      "type": "ncloud_public_ip",
      "name": "public_ip_scn_01",
      "provider": "provider[\"registry.terraform.io/navercloudplatform/ncloud\"]",
      "instances": [
        {
          "schema_version": 0,
          "attributes": {
            "description": "for tf-scn01",
            "id": "19312878",
            "instance_no": "19312878",
            "internet_line_type": null,
            "kind_type": null,
            "public_ip": "223.130.131.249",
            "public_ip_no": "19312878",
            "server_instance_no": "19312687",
            "zone": null
          },
          "sensitive_attributes": [],
          "private": "bnVsbA==",
          "dependencies": [
            "ncloud_login_key.key_scn_01",
            "ncloud_server.server_scn_01",
            "ncloud_subnet.subnet_scn_01",
            "ncloud_vpc.vpc_scn_01"
          ]
        }
      ]
    },
    {
      "mode": "managed",
      "type": "ncloud_server",
      "name": "server_scn_01",
      "provider": "provider[\"registry.terraform.io/navercloudplatform/ncloud\"]",
      "instances": [
        {
          "schema_version": 0,
          "attributes": {
            "access_control_group_configuration_no_list": null,
            "base_block_storage_disk_detail_type": "HDD",
            "base_block_storage_disk_type": "NET",
            "base_block_storage_size": null,
            "cpu_count": 2,
            "description": "",
            "fee_system_type_code": null,
            "id": "19312687",
            "init_script_no": "",
            "instance_no": "19312687",
            "internet_line_type": null,
            "is_encrypted_base_block_storage_volume": null,
            "is_fee_charging_monitoring": null,
            "is_protect_server_termination": false,
            "login_key_name": "tf-scn01",
            "member_server_image_no": null,
            "memory_size": 4294967296,
            "name": "tf-scn01",
            "network_interface": [
              {
                "network_interface_no": "3326625",
                "order": 0,
                "private_ip": "10.0.1.6",
                "subnet_no": "101924"
              }
            ],
            "placement_group_no": "",
            "platform_type": "LNX64",
            "port_forwarding_external_port": null,
            "port_forwarding_internal_port": null,
            "port_forwarding_public_ip": null,
            "private_ip": null,
            "public_ip": "",
            "raid_type_name": null,
            "region": null,
            "server_image_name": null,
            "server_image_product_code": "SW.VSVR.OS.LNX64.CNTOS.0703.B050",
            "server_product_code": "SVR.VSVR.HICPU.C002.M004.NET.HDD.B050.G002",
            "subnet_no": "101924",
            "tag_list": [],
            "timeouts": null,
            "user_data": null,
            "vpc_no": "45676",
            "zone": "KR-2"
          },
          "sensitive_attributes": [],
          "private": "eyJlMmJmYjczMC1lY2FhLTExZTYtOGY4OC0zNDM2M2JjN2M0YzAiOnsiY3JlYXRlIjozNjAwMDAwMDAwMDAwLCJkZWxldGUiOjMwMDAwMDAwMDAwMH19",
          "dependencies": [
            "ncloud_login_key.key_scn_01",
            "ncloud_subnet.subnet_scn_01",
            "ncloud_vpc.vpc_scn_01"
          ]
        }
      ]
    },
    {
      "mode": "managed",
      "type": "ncloud_subnet",
      "name": "subnet_scn_01",
      "provider": "provider[\"registry.terraform.io/navercloudplatform/ncloud\"]",
      "instances": [
        {
          "schema_version": 0,
          "attributes": {
            "id": "101924",
            "name": "tf-scn01",
            "network_acl_no": "70455",
            "subnet": "10.0.1.0/24",
            "subnet_no": "101924",
            "subnet_type": "PUBLIC",
            "usage_type": "GEN",
            "vpc_no": "45676",
            "zone": "KR-2"
          },
          "sensitive_attributes": [],
          "private": "bnVsbA==",
          "dependencies": [
            "ncloud_vpc.vpc_scn_01"
          ]
        }
      ]
    },
    {
      "mode": "managed",
      "type": "ncloud_vpc",
      "name": "vpc_scn_01",
      "provider": "provider[\"registry.terraform.io/navercloudplatform/ncloud\"]",
      "instances": [
        {
          "schema_version": 0,
          "attributes": {
            "default_access_control_group_no": "127213",
            "default_network_acl_no": "70455",
            "default_private_route_table_no": "96270",
            "default_public_route_table_no": "96269",
            "id": "45676",
            "ipv4_cidr_block": "10.0.0.0/16",
            "name": "tf-scn01",
            "vpc_no": "45676"
          },
          "sensitive_attributes": [],
          "private": "bnVsbA=="
        }
      ]
    }
  ],
  "check_results": null
}
